
Microsoft Visual Studio Solution File, Format Version 12.00
# Visual Studio Version 16
VisualStudioVersion = 16.0.28803.452
MinimumVisualStudioVersion = 10.0.40219.1
Project("{FAE04EC0-301F-11D3-BF4B-00C04F79EFBC}") = "Wc.ToasterWebforms", "wc.ToasterWebforms\Wc.ToasterWebforms.csproj", "{92050E18-84AD-43AA-8173-F471C7DE403E}"
EndProject
Global
	GlobalSection(SolutionConfigurationPlatforms) = preSolution
		Debug|Any CPU = Debug|Any CPU
		Release|Any CPU = Release|Any CPU
	EndGlobalSection
	GlobalSection(ProjectConfigurationPlatforms) = postSolution
		{92050E18-84AD-43AA-8173-F471C7DE403E}.Debug|Any CPU.ActiveCfg = Debug|Any CPU
		{92050E18-84AD-43AA-8173-F471C7DE403E}.Debug|Any CPU.Build.0 = Debug|Any CPU
		{92050E18-84AD-43AA-8173-F471C7DE403E}.Release|Any CPU.ActiveCfg = Release|Any CPU
		{92050E18-84AD-43AA-8173-F471C7DE403E}.Release|Any CPU.Build.0 = Release|Any CPU
	EndGlobalSection
	GlobalSection(SolutionProperties) = preSolution
		HideSolutionNode = FALSE
	EndGlobalSection
	GlobalSection(ExtensibilityGlobals) = postSolution
		SolutionGuid = {AC0B0304-9B5E-4826-9659-1C01112E3247}
	EndGlobalSection
EndGlobal
